
Microsoft Visual Studio Solution File, Format Version 12.00
# Visual Studio Version 16
VisualStudioVersion = 16.0.32126.315
MinimumVisualStudioVersion = 10.0.40219.1
Project("{FAE04EC0-301F-11D3-BF4B-00C04F79EFBC}") = "Secao3_ExerciciosPropostos_parte3", "Secao3_ExerciciosPropostos_parte3\Secao3_ExerciciosPropostos_parte3.csproj", "{10CDD879-673C-4460-9A74-57BBE46E0428}"
EndProject
Global
	GlobalSection(SolutionConfigurationPlatforms) = preSolution
		Debug|Any CPU = Debug|Any CPU
		Release|Any CPU = Release|Any CPU
	EndGlobalSection
	GlobalSection(ProjectConfigurationPlatforms) = postSolution
		{10CDD879-673C-4460-9A74-57BBE46E0428}.Debug|Any CPU.ActiveCfg = Debug|Any CPU
		{10CDD879-673C-4460-9A74-57BBE46E0428}.Debug|Any CPU.Build.0 = Debug|Any CPU
		{10CDD879-673C-4460-9A74-57BBE46E0428}.Release|Any CPU.ActiveCfg = Release|Any CPU
		{10CDD879-673C-4460-9A74-57BBE46E0428}.Release|Any CPU.Build.0 = Release|Any CPU
	EndGlobalSection
	GlobalSection(SolutionProperties) = preSolution
		HideSolutionNode = FALSE
	EndGlobalSection
	GlobalSection(ExtensibilityGlobals) = postSolution
		SolutionGuid = {796A2571-95CB-48B9-B899-F157BF313D2C}
	EndGlobalSection
EndGlobal
