
Microsoft Visual Studio Solution File, Format Version 12.00
# Visual Studio Version 17
VisualStudioVersion = 17.3.32819.101
MinimumVisualStudioVersion = 10.0.40219.1
Project("{FAE04EC0-301F-11D3-BF4B-00C04F79EFBC}") = "HashCollectionsEqualityExamples", "HashCollectionsEqualityExamples\HashCollectionsEqualityExamples.csproj", "{FBCD3CE6-7812-424F-90F1-D10895D46942}"
EndProject
Global
	GlobalSection(SolutionConfigurationPlatforms) = preSolution
		Debug|Any CPU = Debug|Any CPU
		Release|Any CPU = Release|Any CPU
	EndGlobalSection
	GlobalSection(ProjectConfigurationPlatforms) = postSolution
		{FBCD3CE6-7812-424F-90F1-D10895D46942}.Debug|Any CPU.ActiveCfg = Debug|Any CPU
		{FBCD3CE6-7812-424F-90F1-D10895D46942}.Debug|Any CPU.Build.0 = Debug|Any CPU
		{FBCD3CE6-7812-424F-90F1-D10895D46942}.Release|Any CPU.ActiveCfg = Release|Any CPU
		{FBCD3CE6-7812-424F-90F1-D10895D46942}.Release|Any CPU.Build.0 = Release|Any CPU
	EndGlobalSection
	GlobalSection(SolutionProperties) = preSolution
		HideSolutionNode = FALSE
	EndGlobalSection
	GlobalSection(ExtensibilityGlobals) = postSolution
		SolutionGuid = {C7B1C543-DFA0-471E-ADFB-9B4EDE4AD72F}
	EndGlobalSection
EndGlobal
