
Microsoft Visual Studio Solution File, Format Version 12.00
# Visual Studio Version 17
VisualStudioVersion = 17.2.32519.379
MinimumVisualStudioVersion = 10.0.40219.1
Project("{FAE04EC0-301F-11D3-BF4B-00C04F79EFBC}") = "Course_Section6", "Course_Section6\Course_Section6.csproj", "{33781197-7440-444C-9B8C-04FD8CDFA994}"
EndProject
Global
	GlobalSection(SolutionConfigurationPlatforms) = preSolution
		Debug|Any CPU = Debug|Any CPU
		Release|Any CPU = Release|Any CPU
	EndGlobalSection
	GlobalSection(ProjectConfigurationPlatforms) = postSolution
		{33781197-7440-444C-9B8C-04FD8CDFA994}.Debug|Any CPU.ActiveCfg = Debug|Any CPU
		{33781197-7440-444C-9B8C-04FD8CDFA994}.Debug|Any CPU.Build.0 = Debug|Any CPU
		{33781197-7440-444C-9B8C-04FD8CDFA994}.Release|Any CPU.ActiveCfg = Release|Any CPU
		{33781197-7440-444C-9B8C-04FD8CDFA994}.Release|Any CPU.Build.0 = Release|Any CPU
	EndGlobalSection
	GlobalSection(SolutionProperties) = preSolution
		HideSolutionNode = FALSE
	EndGlobalSection
	GlobalSection(ExtensibilityGlobals) = postSolution
		SolutionGuid = {7CB8A83E-F2B4-4DC8-BB89-CCCB34B3B867}
	EndGlobalSection
EndGlobal
