
Microsoft Visual Studio Solution File, Format Version 12.00
# Visual Studio Version 17
VisualStudioVersion = 17.3.32811.315
MinimumVisualStudioVersion = 10.0.40219.1
Project("{FAE04EC0-301F-11D3-BF4B-00C04F79EFBC}") = "InterfaceClassExamples", "InterfaceClassExamples\InterfaceClassExamples.csproj", "{A9A6C13F-15D8-40C2-A19F-28213FA7BF09}"
EndProject
Global
	GlobalSection(SolutionConfigurationPlatforms) = preSolution
		Debug|Any CPU = Debug|Any CPU
		Release|Any CPU = Release|Any CPU
	EndGlobalSection
	GlobalSection(ProjectConfigurationPlatforms) = postSolution
		{A9A6C13F-15D8-40C2-A19F-28213FA7BF09}.Debug|Any CPU.ActiveCfg = Debug|Any CPU
		{A9A6C13F-15D8-40C2-A19F-28213FA7BF09}.Debug|Any CPU.Build.0 = Debug|Any CPU
		{A9A6C13F-15D8-40C2-A19F-28213FA7BF09}.Release|Any CPU.ActiveCfg = Release|Any CPU
		{A9A6C13F-15D8-40C2-A19F-28213FA7BF09}.Release|Any CPU.Build.0 = Release|Any CPU
	EndGlobalSection
	GlobalSection(SolutionProperties) = preSolution
		HideSolutionNode = FALSE
	EndGlobalSection
	GlobalSection(ExtensibilityGlobals) = postSolution
		SolutionGuid = {A5F3AB3C-A01C-4384-9B3C-AE1439B10B0A}
	EndGlobalSection
EndGlobal
