
Microsoft Visual Studio Solution File, Format Version 12.00
# Visual Studio Version 17
VisualStudioVersion = 17.2.32602.215
MinimumVisualStudioVersion = 10.0.40219.1
Project("{FAE04EC0-301F-11D3-BF4B-00C04F79EFBC}") = "inheritance_practice_exercise", "inheritance_practice_exercise\inheritance_practice_exercise.csproj", "{64ECDBD1-1F64-4FA9-B9BF-B20E655246EE}"
EndProject
Global
	GlobalSection(SolutionConfigurationPlatforms) = preSolution
		Debug|Any CPU = Debug|Any CPU
		Release|Any CPU = Release|Any CPU
	EndGlobalSection
	GlobalSection(ProjectConfigurationPlatforms) = postSolution
		{64ECDBD1-1F64-4FA9-B9BF-B20E655246EE}.Debug|Any CPU.ActiveCfg = Debug|Any CPU
		{64ECDBD1-1F64-4FA9-B9BF-B20E655246EE}.Debug|Any CPU.Build.0 = Debug|Any CPU
		{64ECDBD1-1F64-4FA9-B9BF-B20E655246EE}.Release|Any CPU.ActiveCfg = Release|Any CPU
		{64ECDBD1-1F64-4FA9-B9BF-B20E655246EE}.Release|Any CPU.Build.0 = Release|Any CPU
	EndGlobalSection
	GlobalSection(SolutionProperties) = preSolution
		HideSolutionNode = FALSE
	EndGlobalSection
	GlobalSection(ExtensibilityGlobals) = postSolution
		SolutionGuid = {43C40D40-B081-41A4-A13A-E6FC85A1EDED}
	EndGlobalSection
EndGlobal
