
Microsoft Visual Studio Solution File, Format Version 12.00
# Visual Studio Version 16
VisualStudioVersion = 16.0.32228.343
MinimumVisualStudioVersion = 10.0.40219.1
Project("{FAE04EC0-301F-11D3-BF4B-00C04F79EFBC}") = "Secao4_PrimeirosExercicios", "Secao4_PrimeirosExercicios\Secao4_PrimeirosExercicios.csproj", "{446BACCE-25B9-4552-ADCB-AA01689A8552}"
EndProject
Global
	GlobalSection(SolutionConfigurationPlatforms) = preSolution
		Debug|Any CPU = Debug|Any CPU
		Release|Any CPU = Release|Any CPU
	EndGlobalSection
	GlobalSection(ProjectConfigurationPlatforms) = postSolution
		{446BACCE-25B9-4552-ADCB-AA01689A8552}.Debug|Any CPU.ActiveCfg = Debug|Any CPU
		{446BACCE-25B9-4552-ADCB-AA01689A8552}.Debug|Any CPU.Build.0 = Debug|Any CPU
		{446BACCE-25B9-4552-ADCB-AA01689A8552}.Release|Any CPU.ActiveCfg = Release|Any CPU
		{446BACCE-25B9-4552-ADCB-AA01689A8552}.Release|Any CPU.Build.0 = Release|Any CPU
	EndGlobalSection
	GlobalSection(SolutionProperties) = preSolution
		HideSolutionNode = FALSE
	EndGlobalSection
	GlobalSection(ExtensibilityGlobals) = postSolution
		SolutionGuid = {3338F868-1982-42C6-AF38-A36F8D625002}
	EndGlobalSection
EndGlobal
