
Microsoft Visual Studio Solution File, Format Version 12.00
# Visual Studio Version 17
VisualStudioVersion = 17.2.32602.215
MinimumVisualStudioVersion = 10.0.40219.1
Project("{FAE04EC0-301F-11D3-BF4B-00C04F79EFBC}") = "Section9_Composition_Exercicse", "Section9_Composition_Exercicse\Section9_Composition_Exercicse.csproj", "{C7761DAD-456D-4044-8610-4833FB53AFFE}"
EndProject
Global
	GlobalSection(SolutionConfigurationPlatforms) = preSolution
		Debug|Any CPU = Debug|Any CPU
		Release|Any CPU = Release|Any CPU
	EndGlobalSection
	GlobalSection(ProjectConfigurationPlatforms) = postSolution
		{C7761DAD-456D-4044-8610-4833FB53AFFE}.Debug|Any CPU.ActiveCfg = Debug|Any CPU
		{C7761DAD-456D-4044-8610-4833FB53AFFE}.Debug|Any CPU.Build.0 = Debug|Any CPU
		{C7761DAD-456D-4044-8610-4833FB53AFFE}.Release|Any CPU.ActiveCfg = Release|Any CPU
		{C7761DAD-456D-4044-8610-4833FB53AFFE}.Release|Any CPU.Build.0 = Release|Any CPU
	EndGlobalSection
	GlobalSection(SolutionProperties) = preSolution
		HideSolutionNode = FALSE
	EndGlobalSection
	GlobalSection(ExtensibilityGlobals) = postSolution
		SolutionGuid = {1C72BD43-1421-4A8C-BD75-FDC1183DC17C}
	EndGlobalSection
EndGlobal
